
Microsoft Visual Studio Solution File, Format Version 12.00
# Visual Studio 15
VisualStudioVersion = 15.0.27428.2037
MinimumVisualStudioVersion = 10.0.40219.1
Project("{FAE04EC0-301F-11D3-BF4B-00C04F79EFBC}") = "Tip_Donusumleri", "Tip_Donusumleri\Tip_Donusumleri.csproj", "{F468B919-4BB5-423F-858A-D7568E96260D}"
EndProject
Global
	GlobalSection(SolutionConfigurationPlatforms) = preSolution
		Debug|Any CPU = Debug|Any CPU
		Release|Any CPU = Release|Any CPU
	EndGlobalSection
	GlobalSection(ProjectConfigurationPlatforms) = postSolution
		{F468B919-4BB5-423F-858A-D7568E96260D}.Debug|Any CPU.ActiveCfg = Debug|Any CPU
		{F468B919-4BB5-423F-858A-D7568E96260D}.Debug|Any CPU.Build.0 = Debug|Any CPU
		{F468B919-4BB5-423F-858A-D7568E96260D}.Release|Any CPU.ActiveCfg = Release|Any CPU
		{F468B919-4BB5-423F-858A-D7568E96260D}.Release|Any CPU.Build.0 = Release|Any CPU
	EndGlobalSection
	GlobalSection(SolutionProperties) = preSolution
		HideSolutionNode = FALSE
	EndGlobalSection
	GlobalSection(ExtensibilityGlobals) = postSolution
		SolutionGuid = {D8BD826B-C619-4F7F-AF6E-1665CF76C6E0}
	EndGlobalSection
EndGlobal
